# This file is automatically @generated by Cargo.
# It is not intended for manual editing.
[[package]]
name = "bevy_osc"
version = "0.1.0"
dependencies = [
 "nannou_osc",
]

[[package]]
name = "byteorder"
version = "1.4.3"
source = "registry+https://github.com/rust-lang/crates.io-index"
checksum = "14c189c53d098945499cdfa7ecc63567cf3886b3332b312a5b4585d8d3a6a610"

[[package]]
name = "nannou_osc"
version = "0.16.0"
source = "registry+https://github.com/rust-lang/crates.io-index"
checksum = "dc0941cf4f2e9fde462d9ef9096a9a71e1efbf26e70bdeb1b6fdfc977154558e"
dependencies = [
 "rosc",
]

[[package]]
name = "rosc"
version = "0.1.6"
source = "registry+https://github.com/rust-lang/crates.io-index"
checksum = "39332ba44e0804497d958f692a3fbb7dd993cc996070189f40577de87ff1b8d9"
dependencies = [
 "byteorder",
]
